
Microsoft Visual Studio Solution File, Format Version 12.00
# Visual Studio Version 17
VisualStudioVersion = 17.5.33414.496
MinimumVisualStudioVersion = 10.0.40219.1
Project("{FAE04EC0-301F-11D3-BF4B-00C04F79EFBC}") = "WPF_Project", "WPF_Project\WPF_Project.csproj", "{8F447827-D9B6-4819-B6E1-801C385E02B4}"
EndProject
Global
	GlobalSection(SolutionConfigurationPlatforms) = preSolution
		Debug|Any CPU = Debug|Any CPU
		Release|Any CPU = Release|Any CPU
	EndGlobalSection
	GlobalSection(ProjectConfigurationPlatforms) = postSolution
		{8F447827-D9B6-4819-B6E1-801C385E02B4}.Debug|Any CPU.ActiveCfg = Debug|Any CPU
		{8F447827-D9B6-4819-B6E1-801C385E02B4}.Debug|Any CPU.Build.0 = Debug|Any CPU
		{8F447827-D9B6-4819-B6E1-801C385E02B4}.Release|Any CPU.ActiveCfg = Release|Any CPU
		{8F447827-D9B6-4819-B6E1-801C385E02B4}.Release|Any CPU.Build.0 = Release|Any CPU
	EndGlobalSection
	GlobalSection(SolutionProperties) = preSolution
		HideSolutionNode = FALSE
	EndGlobalSection
	GlobalSection(ExtensibilityGlobals) = postSolution
		SolutionGuid = {C96A93B1-B7FE-49A5-8B32-E1E1B8EB00AA}
	EndGlobalSection
EndGlobal
